
Microsoft Visual Studio Solution File, Format Version 12.00
# Visual Studio Version 16
VisualStudioVersion = 16.0.29409.12
MinimumVisualStudioVersion = 10.0.40219.1
Project("{2150E333-8FDC-42A3-9474-1A3956D46DE8}") = "Part_1", "Part_1", "{55E145DC-0F7A-4322-829B-13C3EAE0F3BC}"
EndProject
Project("{2150E333-8FDC-42A3-9474-1A3956D46DE8}") = "Chapter_02", "Chapter_02", "{90444562-16DA-4A30-A1B6-2462538D11CA}"
EndProject
Project("{FAE04EC0-301F-11D3-BF4B-00C04F79EFBC}") = "ConsoleApp1", "ConsoleApp1\ConsoleApp1.csproj", "{3F8BE3AF-0F40-4C91-AA74-F44CDCC189B3}"
EndProject
Project("{2150E333-8FDC-42A3-9474-1A3956D46DE8}") = "Chapter_04", "Chapter_04", "{6169B3D8-55A8-4256-8604-5F66A44F8956}"
EndProject
Project("{FAE04EC0-301F-11D3-BF4B-00C04F79EFBC}") = "StaticConstructor", "StaticConstructor\StaticConstructor.csproj", "{9AEA2CBF-67B8-49CD-BA77-F6C0FB3EDD30}"
EndProject
Project("{FAE04EC0-301F-11D3-BF4B-00C04F79EFBC}") = "Property", "Property\Property.csproj", "{6C49E876-2C9E-4D55-8A2C-3F03ADFBFCDA}"
EndProject
Project("{FAE04EC0-301F-11D3-BF4B-00C04F79EFBC}") = "Inheritance", "Inheritance\Inheritance.csproj", "{B625196A-F800-4984-BED3-6095602B4915}"
EndProject
Project("{FAE04EC0-301F-11D3-BF4B-00C04F79EFBC}") = "as_is", "as_is\as_is.csproj", "{C8D26EC0-D539-41A9-AA7E-556997E2B05A}"
EndProject
Project("{FAE04EC0-301F-11D3-BF4B-00C04F79EFBC}") = "Object", "Object\Object.csproj", "{C6D60FAD-3D59-4CD6-AAE1-0BECE012AC04}"
EndProject
Project("{FAE04EC0-301F-11D3-BF4B-00C04F79EFBC}") = "Array", "Array\Array.csproj", "{63550C81-FC51-4F34-83F2-1F049155DEFD}"
EndProject
Project("{FAE04EC0-301F-11D3-BF4B-00C04F79EFBC}") = "Override_new", "Override_new\Override_new.csproj", "{B3002055-45F3-407C-8BA5-EDC20ABC95BD}"
EndProject
Project("{FAE04EC0-301F-11D3-BF4B-00C04F79EFBC}") = "ToString_Override", "ToString_Override\ToString_Override.csproj", "{7014BA48-D278-4D2B-BE07-0D5A95F094B6}"
EndProject
Project("{FAE04EC0-301F-11D3-BF4B-00C04F79EFBC}") = "Equals_Override", "Equals_Override\Equals_Override.csproj", "{5F166A24-75C9-46AE-BB74-6206279C1F59}"
EndProject
Project("{FAE04EC0-301F-11D3-BF4B-00C04F79EFBC}") = "Operator_Overloading", "Operator_Overloading\Operator_Overloading.csproj", "{080DDA94-F1C0-4488-BA90-474C56E17714}"
EndProject
Project("{FAE04EC0-301F-11D3-BF4B-00C04F79EFBC}") = "Implicit_Explicit", "Implicit_Explicit\Implicit_Explicit.csproj", "{A5A65886-43E2-4020-9DF9-419DC0BCE29C}"
EndProject
Project("{FAE04EC0-301F-11D3-BF4B-00C04F79EFBC}") = "Abstract", "Abstract\Abstract.csproj", "{D34841F6-83B3-4AD7-9AF3-F09B3271B078}"
EndProject
Project("{FAE04EC0-301F-11D3-BF4B-00C04F79EFBC}") = "Delegate", "Delegate\Delegate.csproj", "{D1EDD4DE-5710-4061-BE3B-EEE2A443ECD4}"
EndProject
Project("{FAE04EC0-301F-11D3-BF4B-00C04F79EFBC}") = "Delegate2", "Delegate2\Delegate2.csproj", "{DA4CD0C3-38BB-4E6D-B7B1-6287F9250707}"
EndProject
Project("{FAE04EC0-301F-11D3-BF4B-00C04F79EFBC}") = "Delegate3_SelectionSort", "Delegate3_SelectionSort\Delegate3_SelectionSort.csproj", "{C7B90659-463D-4706-B3A8-577B222D180B}"
EndProject
Project("{FAE04EC0-301F-11D3-BF4B-00C04F79EFBC}") = "04_24_IComparer", "04_24_IComparer\04_24_IComparer.csproj", "{C742F16C-21D4-44BD-AE92-D26CABD60E15}"
EndProject
Project("{FAE04EC0-301F-11D3-BF4B-00C04F79EFBC}") = "04_25_IEnumerable", "04_25_IEnumerable\04_25_IEnumerable.csproj", "{9C2779BA-7C5F-4779-A749-DDF91F1866A5}"
EndProject
Project("{FAE04EC0-301F-11D3-BF4B-00C04F79EFBC}") = "04_25-2_IEnumrable2", "04_26_IEnumrable2\04_25-2_IEnumrable2.csproj", "{86BEA473-FFEA-43D4-8AA8-3B8204A4D13B}"
EndProject
Project("{FAE04EC0-301F-11D3-BF4B-00C04F79EFBC}") = "04_27_Enum", "04_27_Enum\04_27_Enum.csproj", "{A8E5C6CA-8E55-4AFD-86AB-775F33DF2D82}"
EndProject
Project("{FAE04EC0-301F-11D3-BF4B-00C04F79EFBC}") = "04_28_Event", "04_28_Event\04_28_Event.csproj", "{D53DE534-E7D2-4056-B383-5233D7DD09EE}"
EndProject
Project("{FAE04EC0-301F-11D3-BF4B-00C04F79EFBC}") = "04_28_Event2", "04_28_Event2\04_28_Event2.csproj", "{89749D8F-D436-4D63-B670-DB7A1FEACE34}"
EndProject
Project("{2150E333-8FDC-42A3-9474-1A3956D46DE8}") = "Note", "Note", "{642180C4-98A9-453C-B60A-0BF03F3547DB}"
EndProject
Project("{FAE04EC0-301F-11D3-BF4B-00C04F79EFBC}") = "StringFormat", "StringFormat\StringFormat.csproj", "{8C623356-3FE9-478A-BB28-E33D7AAD274C}"
EndProject
Project("{FAE04EC0-301F-11D3-BF4B-00C04F79EFBC}") = "NumberFormat", "NumberFormat\NumberFormat.csproj", "{597E6CBE-5BF9-452D-B8F1-1AE80E23A8A7}"
EndProject
Project("{FAE04EC0-301F-11D3-BF4B-00C04F79EFBC}") = "Reference", "Reference\Reference.csproj", "{A77AC43B-366E-4B84-AFBD-F2EEDA8879E1}"
EndProject
Project("{FAE04EC0-301F-11D3-BF4B-00C04F79EFBC}") = "MessageBeep", "MessageBeep\MessageBeep.csproj", "{AFED80B1-78AE-434F-A789-3BC6F73CB876}"
EndProject
Project("{2150E333-8FDC-42A3-9474-1A3956D46DE8}") = "Chapter_05", "Chapter_05", "{E64CA3A4-5B55-4248-8797-1F25006284D8}"
EndProject
Project("{FAE04EC0-301F-11D3-BF4B-00C04F79EFBC}") = "GarbageCollector", "GarbageCollector\GarbageCollector.csproj", "{8B6A3F23-46C6-448B-9C68-65C712DAA6C3}"
EndProject
Project("{FAE04EC0-301F-11D3-BF4B-00C04F79EFBC}") = "RecursiveCall", "RecursiveCall\RecursiveCall.csproj", "{91878331-FE69-490D-AB71-6CAB5BC242AA}"
EndProject
Project("{FAE04EC0-301F-11D3-BF4B-00C04F79EFBC}") = "FilestreamClose", "FilestreamClose\FilestreamClose.csproj", "{4C71BE96-746F-44F2-B4B5-36DAA5D2A9C4}"
EndProject
Project("{FAE04EC0-301F-11D3-BF4B-00C04F79EFBC}") = "FildLogger", "FildLogger\FildLogger.csproj", "{FD62447F-038F-4C95-B1F9-D7FABF2E4A6D}"
EndProject
Project("{FAE04EC0-301F-11D3-BF4B-00C04F79EFBC}") = "DisposeTryFinally", "DisposeTryFinally\DisposeTryFinally.csproj", "{E2B9858E-4AA4-4FAE-A67E-56A6B36BF00E}"
EndProject
Project("{FAE04EC0-301F-11D3-BF4B-00C04F79EFBC}") = "UnmanagedMemory", "UnmanagedMemory\UnmanagedMemory.csproj", "{A7EE093C-DE6C-4DA9-8C58-9DD756EFFD04}"
EndProject
Project("{2150E333-8FDC-42A3-9474-1A3956D46DE8}") = "Chapter_06", "Chapter_06", "{49C56325-2739-4971-A942-C667DE3D4046}"
EndProject
Project("{FAE04EC0-301F-11D3-BF4B-00C04F79EFBC}") = "Datetime", "Datetime\Datetime.csproj", "{9E5ED536-95D4-4F94-A9B4-609FFFE49E11}"
EndProject
Project("{FAE04EC0-301F-11D3-BF4B-00C04F79EFBC}") = "Stopwatch", "Stopwatch\Stopwatch.csproj", "{0E5B47BD-573E-40ED-A797-CDECED25BCB9}"
EndProject
Project("{FAE04EC0-301F-11D3-BF4B-00C04F79EFBC}") = "StringAdd", "StringAdd\StringAdd.csproj", "{D3A5988A-F55D-4F8B-B329-0D03B87936A6}"
EndProject
Project("{FAE04EC0-301F-11D3-BF4B-00C04F79EFBC}") = "RegularExpressions", "RegularExpressions\RegularExpressions.csproj", "{A71BF8E3-01A5-4257-BED1-C85F805CB552}"
EndProject
Project("{FAE04EC0-301F-11D3-BF4B-00C04F79EFBC}") = "Regex_", "Regex_\Regex_.csproj", "{F112FE67-53A8-466B-8CA5-3C1336595B9E}"
EndProject
Project("{FAE04EC0-301F-11D3-BF4B-00C04F79EFBC}") = "Thread", "Thread\Thread.csproj", "{7E1CD76E-5452-424B-B07E-9F1861309180}"
EndProject
Project("{FAE04EC0-301F-11D3-BF4B-00C04F79EFBC}") = "NotThreadPrimenumber", "NotThreadPrimenumber\NotThreadPrimenumber.csproj", "{7E4F3A66-1A68-405A-8F6F-E611E86F83ED}"
EndProject
Project("{FAE04EC0-301F-11D3-BF4B-00C04F79EFBC}") = "ThreadPrimenumber", "ThreadPrimenumber\ThreadPrimenumber.csproj", "{721C4C3D-9B3F-43EB-8228-DB048C2577BE}"
EndProject
Project("{FAE04EC0-301F-11D3-BF4B-00C04F79EFBC}") = "MultithreadCommonVariable", "MultithreadCommonVariable\MultithreadCommonVariable.csproj", "{50A865B2-2738-4782-8A56-9AAB97EE437A}"
EndProject
Project("{FAE04EC0-301F-11D3-BF4B-00C04F79EFBC}") = "MonitorType", "MonitorType\MonitorType.csproj", "{C20686CC-7AB3-40B8-911B-A8D5645D8887}"
EndProject
Project("{FAE04EC0-301F-11D3-BF4B-00C04F79EFBC}") = "ThreadSafeMethod", "ThreadSafeMethod\ThreadSafeMethod.csproj", "{36DBF038-45DF-4C35-AECA-A98BFAE10716}"
EndProject
Project("{FAE04EC0-301F-11D3-BF4B-00C04F79EFBC}") = "EventWaitHandle", "EventWaitHandle\EventWaitHandle.csproj", "{DABC6B46-09E4-4221-A784-AF808DDEEFDB}"
EndProject
Project("{FAE04EC0-301F-11D3-BF4B-00C04F79EFBC}") = "EventWaitHandle1", "EventWaitHandle1\EventWaitHandle1.csproj", "{43B55A4F-B8FF-45CE-8E60-D53001DA3DF8}"
EndProject
Project("{FAE04EC0-301F-11D3-BF4B-00C04F79EFBC}") = "EventWaitHandle2", "EventWaitHandle2\EventWaitHandle2.csproj", "{BFDB56D4-A92B-4DBA-8175-DF5C5F790C1A}"
EndProject
Project("{FAE04EC0-301F-11D3-BF4B-00C04F79EFBC}") = "DelegateInvoke", "DelegateInvoke\DelegateInvoke.csproj", "{14BB8B8C-334E-45EF-881B-19E995C074F9}"
EndProject
Project("{FAE04EC0-301F-11D3-BF4B-00C04F79EFBC}") = "DelegateInvoke2", "DelegateInvoke2\DelegateInvoke2.csproj", "{958ADB2D-EE7B-4144-A657-C550704DA5DC}"
EndProject
Project("{FAE04EC0-301F-11D3-BF4B-00C04F79EFBC}") = "OutputIP", "OutputIP\OutputIP.csproj", "{BCE5D13F-D5E8-4D63-8D99-AD17BCF47F92}"
EndProject
Project("{FAE04EC0-301F-11D3-BF4B-00C04F79EFBC}") = "Socket_Server", "Socket_Server\Socket_Server.csproj", "{2535FE5C-1B86-4831-A966-765401316FF8}"
EndProject
Project("{FAE04EC0-301F-11D3-BF4B-00C04F79EFBC}") = "Socket_Client", "Socket_Client\Socket_Client.csproj", "{992CB6BD-A134-4FCC-AC3B-49EFF8F5BE1B}"
EndProject
Project("{FAE04EC0-301F-11D3-BF4B-00C04F79EFBC}") = "TCPIP_Server", "TCPIP_Server\TCPIP_Server.csproj", "{8CF38C1A-B0B3-43CA-8A9C-742E542B6B26}"
EndProject
Project("{FAE04EC0-301F-11D3-BF4B-00C04F79EFBC}") = "TCPIP_Client", "TCPIP_Client\TCPIP_Client.csproj", "{A5720516-6337-41C4-B600-3F1D1BC0AECA}"
EndProject
Global
	GlobalSection(SolutionConfigurationPlatforms) = preSolution
		Debug|Any CPU = Debug|Any CPU
		Debug|x86 = Debug|x86
		Release|Any CPU = Release|Any CPU
		Release|x86 = Release|x86
	EndGlobalSection
	GlobalSection(ProjectConfigurationPlatforms) = postSolution
		{3F8BE3AF-0F40-4C91-AA74-F44CDCC189B3}.Debug|Any CPU.ActiveCfg = Debug|Any CPU
		{3F8BE3AF-0F40-4C91-AA74-F44CDCC189B3}.Debug|Any CPU.Build.0 = Debug|Any CPU
		{3F8BE3AF-0F40-4C91-AA74-F44CDCC189B3}.Debug|x86.ActiveCfg = Debug|Any CPU
		{3F8BE3AF-0F40-4C91-AA74-F44CDCC189B3}.Debug|x86.Build.0 = Debug|Any CPU
		{3F8BE3AF-0F40-4C91-AA74-F44CDCC189B3}.Release|Any CPU.ActiveCfg = Release|Any CPU
		{3F8BE3AF-0F40-4C91-AA74-F44CDCC189B3}.Release|Any CPU.Build.0 = Release|Any CPU
		{3F8BE3AF-0F40-4C91-AA74-F44CDCC189B3}.Release|x86.ActiveCfg = Release|Any CPU
		{3F8BE3AF-0F40-4C91-AA74-F44CDCC189B3}.Release|x86.Build.0 = Release|Any CPU
		{9AEA2CBF-67B8-49CD-BA77-F6C0FB3EDD30}.Debug|Any CPU.ActiveCfg = Debug|Any CPU
		{9AEA2CBF-67B8-49CD-BA77-F6C0FB3EDD30}.Debug|Any CPU.Build.0 = Debug|Any CPU
		{9AEA2CBF-67B8-49CD-BA77-F6C0FB3EDD30}.Debug|x86.ActiveCfg = Debug|Any CPU
		{9AEA2CBF-67B8-49CD-BA77-F6C0FB3EDD30}.Debug|x86.Build.0 = Debug|Any CPU
		{9AEA2CBF-67B8-49CD-BA77-F6C0FB3EDD30}.Release|Any CPU.ActiveCfg = Release|Any CPU
		{9AEA2CBF-67B8-49CD-BA77-F6C0FB3EDD30}.Release|Any CPU.Build.0 = Release|Any CPU
		{9AEA2CBF-67B8-49CD-BA77-F6C0FB3EDD30}.Release|x86.ActiveCfg = Release|Any CPU
		{9AEA2CBF-67B8-49CD-BA77-F6C0FB3EDD30}.Release|x86.Build.0 = Release|Any CPU
		{6C49E876-2C9E-4D55-8A2C-3F03ADFBFCDA}.Debug|Any CPU.ActiveCfg = Debug|Any CPU
		{6C49E876-2C9E-4D55-8A2C-3F03ADFBFCDA}.Debug|Any CPU.Build.0 = Debug|Any CPU
		{6C49E876-2C9E-4D55-8A2C-3F03ADFBFCDA}.Debug|x86.ActiveCfg = Debug|Any CPU
		{6C49E876-2C9E-4D55-8A2C-3F03ADFBFCDA}.Debug|x86.Build.0 = Debug|Any CPU
		{6C49E876-2C9E-4D55-8A2C-3F03ADFBFCDA}.Release|Any CPU.ActiveCfg = Release|Any CPU
		{6C49E876-2C9E-4D55-8A2C-3F03ADFBFCDA}.Release|Any CPU.Build.0 = Release|Any CPU
		{6C49E876-2C9E-4D55-8A2C-3F03ADFBFCDA}.Release|x86.ActiveCfg = Release|Any CPU
		{6C49E876-2C9E-4D55-8A2C-3F03ADFBFCDA}.Release|x86.Build.0 = Release|Any CPU
		{B625196A-F800-4984-BED3-6095602B4915}.Debug|Any CPU.ActiveCfg = Debug|Any CPU
		{B625196A-F800-4984-BED3-6095602B4915}.Debug|Any CPU.Build.0 = Debug|Any CPU
		{B625196A-F800-4984-BED3-6095602B4915}.Debug|x86.ActiveCfg = Debug|Any CPU
		{B625196A-F800-4984-BED3-6095602B4915}.Debug|x86.Build.0 = Debug|Any CPU
		{B625196A-F800-4984-BED3-6095602B4915}.Release|Any CPU.ActiveCfg = Release|Any CPU
		{B625196A-F800-4984-BED3-6095602B4915}.Release|Any CPU.Build.0 = Release|Any CPU
		{B625196A-F800-4984-BED3-6095602B4915}.Release|x86.ActiveCfg = Release|Any CPU
		{B625196A-F800-4984-BED3-6095602B4915}.Release|x86.Build.0 = Release|Any CPU
		{C8D26EC0-D539-41A9-AA7E-556997E2B05A}.Debug|Any CPU.ActiveCfg = Debug|Any CPU
		{C8D26EC0-D539-41A9-AA7E-556997E2B05A}.Debug|Any CPU.Build.0 = Debug|Any CPU
		{C8D26EC0-D539-41A9-AA7E-556997E2B05A}.Debug|x86.ActiveCfg = Debug|Any CPU
		{C8D26EC0-D539-41A9-AA7E-556997E2B05A}.Debug|x86.Build.0 = Debug|Any CPU
		{C8D26EC0-D539-41A9-AA7E-556997E2B05A}.Release|Any CPU.ActiveCfg = Release|Any CPU
		{C8D26EC0-D539-41A9-AA7E-556997E2B05A}.Release|Any CPU.Build.0 = Release|Any CPU
		{C8D26EC0-D539-41A9-AA7E-556997E2B05A}.Release|x86.ActiveCfg = Release|Any CPU
		{C8D26EC0-D539-41A9-AA7E-556997E2B05A}.Release|x86.Build.0 = Release|Any CPU
		{C6D60FAD-3D59-4CD6-AAE1-0BECE012AC04}.Debug|Any CPU.ActiveCfg = Debug|Any CPU
		{C6D60FAD-3D59-4CD6-AAE1-0BECE012AC04}.Debug|Any CPU.Build.0 = Debug|Any CPU
		{C6D60FAD-3D59-4CD6-AAE1-0BECE012AC04}.Debug|x86.ActiveCfg = Debug|Any CPU
		{C6D60FAD-3D59-4CD6-AAE1-0BECE012AC04}.Debug|x86.Build.0 = Debug|Any CPU
		{C6D60FAD-3D59-4CD6-AAE1-0BECE012AC04}.Release|Any CPU.ActiveCfg = Release|Any CPU
		{C6D60FAD-3D59-4CD6-AAE1-0BECE012AC04}.Release|Any CPU.Build.0 = Release|Any CPU
		{C6D60FAD-3D59-4CD6-AAE1-0BECE012AC04}.Release|x86.ActiveCfg = Release|Any CPU
		{C6D60FAD-3D59-4CD6-AAE1-0BECE012AC04}.Release|x86.Build.0 = Release|Any CPU
		{63550C81-FC51-4F34-83F2-1F049155DEFD}.Debug|Any CPU.ActiveCfg = Debug|Any CPU
		{63550C81-FC51-4F34-83F2-1F049155DEFD}.Debug|Any CPU.Build.0 = Debug|Any CPU
		{63550C81-FC51-4F34-83F2-1F049155DEFD}.Debug|x86.ActiveCfg = Debug|Any CPU
		{63550C81-FC51-4F34-83F2-1F049155DEFD}.Debug|x86.Build.0 = Debug|Any CPU
		{63550C81-FC51-4F34-83F2-1F049155DEFD}.Release|Any CPU.ActiveCfg = Release|Any CPU
		{63550C81-FC51-4F34-83F2-1F049155DEFD}.Release|Any CPU.Build.0 = Release|Any CPU
		{63550C81-FC51-4F34-83F2-1F049155DEFD}.Release|x86.ActiveCfg = Release|Any CPU
		{63550C81-FC51-4F34-83F2-1F049155DEFD}.Release|x86.Build.0 = Release|Any CPU
		{B3002055-45F3-407C-8BA5-EDC20ABC95BD}.Debug|Any CPU.ActiveCfg = Debug|Any CPU
		{B3002055-45F3-407C-8BA5-EDC20ABC95BD}.Debug|Any CPU.Build.0 = Debug|Any CPU
		{B3002055-45F3-407C-8BA5-EDC20ABC95BD}.Debug|x86.ActiveCfg = Debug|Any CPU
		{B3002055-45F3-407C-8BA5-EDC20ABC95BD}.Debug|x86.Build.0 = Debug|Any CPU
		{B3002055-45F3-407C-8BA5-EDC20ABC95BD}.Release|Any CPU.ActiveCfg = Release|Any CPU
		{B3002055-45F3-407C-8BA5-EDC20ABC95BD}.Release|Any CPU.Build.0 = Release|Any CPU
		{B3002055-45F3-407C-8BA5-EDC20ABC95BD}.Release|x86.ActiveCfg = Release|Any CPU
		{B3002055-45F3-407C-8BA5-EDC20ABC95BD}.Release|x86.Build.0 = Release|Any CPU
		{7014BA48-D278-4D2B-BE07-0D5A95F094B6}.Debug|Any CPU.ActiveCfg = Debug|Any CPU
		{7014BA48-D278-4D2B-BE07-0D5A95F094B6}.Debug|Any CPU.Build.0 = Debug|Any CPU
		{7014BA48-D278-4D2B-BE07-0D5A95F094B6}.Debug|x86.ActiveCfg = Debug|Any CPU
		{7014BA48-D278-4D2B-BE07-0D5A95F094B6}.Debug|x86.Build.0 = Debug|Any CPU
		{7014BA48-D278-4D2B-BE07-0D5A95F094B6}.Release|Any CPU.ActiveCfg = Release|Any CPU
		{7014BA48-D278-4D2B-BE07-0D5A95F094B6}.Release|Any CPU.Build.0 = Release|Any CPU
		{7014BA48-D278-4D2B-BE07-0D5A95F094B6}.Release|x86.ActiveCfg = Release|Any CPU
		{7014BA48-D278-4D2B-BE07-0D5A95F094B6}.Release|x86.Build.0 = Release|Any CPU
		{5F166A24-75C9-46AE-BB74-6206279C1F59}.Debug|Any CPU.ActiveCfg = Debug|Any CPU
		{5F166A24-75C9-46AE-BB74-6206279C1F59}.Debug|Any CPU.Build.0 = Debug|Any CPU
		{5F166A24-75C9-46AE-BB74-6206279C1F59}.Debug|x86.ActiveCfg = Debug|Any CPU
		{5F166A24-75C9-46AE-BB74-6206279C1F59}.Debug|x86.Build.0 = Debug|Any CPU
		{5F166A24-75C9-46AE-BB74-6206279C1F59}.Release|Any CPU.ActiveCfg = Release|Any CPU
		{5F166A24-75C9-46AE-BB74-6206279C1F59}.Release|Any CPU.Build.0 = Release|Any CPU
		{5F166A24-75C9-46AE-BB74-6206279C1F59}.Release|x86.ActiveCfg = Release|Any CPU
		{5F166A24-75C9-46AE-BB74-6206279C1F59}.Release|x86.Build.0 = Release|Any CPU
		{080DDA94-F1C0-4488-BA90-474C56E17714}.Debug|Any CPU.ActiveCfg = Debug|Any CPU
		{080DDA94-F1C0-4488-BA90-474C56E17714}.Debug|Any CPU.Build.0 = Debug|Any CPU
		{080DDA94-F1C0-4488-BA90-474C56E17714}.Debug|x86.ActiveCfg = Debug|Any CPU
		{080DDA94-F1C0-4488-BA90-474C56E17714}.Debug|x86.Build.0 = Debug|Any CPU
		{080DDA94-F1C0-4488-BA90-474C56E17714}.Release|Any CPU.ActiveCfg = Release|Any CPU
		{080DDA94-F1C0-4488-BA90-474C56E17714}.Release|Any CPU.Build.0 = Release|Any CPU
		{080DDA94-F1C0-4488-BA90-474C56E17714}.Release|x86.ActiveCfg = Release|Any CPU
		{080DDA94-F1C0-4488-BA90-474C56E17714}.Release|x86.Build.0 = Release|Any CPU
		{A5A65886-43E2-4020-9DF9-419DC0BCE29C}.Debug|Any CPU.ActiveCfg = Debug|Any CPU
		{A5A65886-43E2-4020-9DF9-419DC0BCE29C}.Debug|Any CPU.Build.0 = Debug|Any CPU
		{A5A65886-43E2-4020-9DF9-419DC0BCE29C}.Debug|x86.ActiveCfg = Debug|Any CPU
		{A5A65886-43E2-4020-9DF9-419DC0BCE29C}.Debug|x86.Build.0 = Debug|Any CPU
		{A5A65886-43E2-4020-9DF9-419DC0BCE29C}.Release|Any CPU.ActiveCfg = Release|Any CPU
		{A5A65886-43E2-4020-9DF9-419DC0BCE29C}.Release|Any CPU.Build.0 = Release|Any CPU
		{A5A65886-43E2-4020-9DF9-419DC0BCE29C}.Release|x86.ActiveCfg = Release|Any CPU
		{A5A65886-43E2-4020-9DF9-419DC0BCE29C}.Release|x86.Build.0 = Release|Any CPU
		{D34841F6-83B3-4AD7-9AF3-F09B3271B078}.Debug|Any CPU.ActiveCfg = Debug|Any CPU
		{D34841F6-83B3-4AD7-9AF3-F09B3271B078}.Debug|Any CPU.Build.0 = Debug|Any CPU
		{D34841F6-83B3-4AD7-9AF3-F09B3271B078}.Debug|x86.ActiveCfg = Debug|Any CPU
		{D34841F6-83B3-4AD7-9AF3-F09B3271B078}.Debug|x86.Build.0 = Debug|Any CPU
		{D34841F6-83B3-4AD7-9AF3-F09B3271B078}.Release|Any CPU.ActiveCfg = Release|Any CPU
		{D34841F6-83B3-4AD7-9AF3-F09B3271B078}.Release|Any CPU.Build.0 = Release|Any CPU
		{D34841F6-83B3-4AD7-9AF3-F09B3271B078}.Release|x86.ActiveCfg = Release|Any CPU
		{D34841F6-83B3-4AD7-9AF3-F09B3271B078}.Release|x86.Build.0 = Release|Any CPU
		{D1EDD4DE-5710-4061-BE3B-EEE2A443ECD4}.Debug|Any CPU.ActiveCfg = Debug|Any CPU
		{D1EDD4DE-5710-4061-BE3B-EEE2A443ECD4}.Debug|Any CPU.Build.0 = Debug|Any CPU
		{D1EDD4DE-5710-4061-BE3B-EEE2A443ECD4}.Debug|x86.ActiveCfg = Debug|Any CPU
		{D1EDD4DE-5710-4061-BE3B-EEE2A443ECD4}.Debug|x86.Build.0 = Debug|Any CPU
		{D1EDD4DE-5710-4061-BE3B-EEE2A443ECD4}.Release|Any CPU.ActiveCfg = Release|Any CPU
		{D1EDD4DE-5710-4061-BE3B-EEE2A443ECD4}.Release|Any CPU.Build.0 = Release|Any CPU
		{D1EDD4DE-5710-4061-BE3B-EEE2A443ECD4}.Release|x86.ActiveCfg = Release|Any CPU
		{D1EDD4DE-5710-4061-BE3B-EEE2A443ECD4}.Release|x86.Build.0 = Release|Any CPU
		{DA4CD0C3-38BB-4E6D-B7B1-6287F9250707}.Debug|Any CPU.ActiveCfg = Debug|Any CPU
		{DA4CD0C3-38BB-4E6D-B7B1-6287F9250707}.Debug|Any CPU.Build.0 = Debug|Any CPU
		{DA4CD0C3-38BB-4E6D-B7B1-6287F9250707}.Debug|x86.ActiveCfg = Debug|Any CPU
		{DA4CD0C3-38BB-4E6D-B7B1-6287F9250707}.Debug|x86.Build.0 = Debug|Any CPU
		{DA4CD0C3-38BB-4E6D-B7B1-6287F9250707}.Release|Any CPU.ActiveCfg = Release|Any CPU
		{DA4CD0C3-38BB-4E6D-B7B1-6287F9250707}.Release|Any CPU.Build.0 = Release|Any CPU
		{DA4CD0C3-38BB-4E6D-B7B1-6287F9250707}.Release|x86.ActiveCfg = Release|Any CPU
		{DA4CD0C3-38BB-4E6D-B7B1-6287F9250707}.Release|x86.Build.0 = Release|Any CPU
		{C7B90659-463D-4706-B3A8-577B222D180B}.Debug|Any CPU.ActiveCfg = Debug|Any CPU
		{C7B90659-463D-4706-B3A8-577B222D180B}.Debug|Any CPU.Build.0 = Debug|Any CPU
		{C7B90659-463D-4706-B3A8-577B222D180B}.Debug|x86.ActiveCfg = Debug|Any CPU
		{C7B90659-463D-4706-B3A8-577B222D180B}.Debug|x86.Build.0 = Debug|Any CPU
		{C7B90659-463D-4706-B3A8-577B222D180B}.Release|Any CPU.ActiveCfg = Release|Any CPU
		{C7B90659-463D-4706-B3A8-577B222D180B}.Release|Any CPU.Build.0 = Release|Any CPU
		{C7B90659-463D-4706-B3A8-577B222D180B}.Release|x86.ActiveCfg = Release|Any CPU
		{C7B90659-463D-4706-B3A8-577B222D180B}.Release|x86.Build.0 = Release|Any CPU
		{C742F16C-21D4-44BD-AE92-D26CABD60E15}.Debug|Any CPU.ActiveCfg = Debug|Any CPU
		{C742F16C-21D4-44BD-AE92-D26CABD60E15}.Debug|Any CPU.Build.0 = Debug|Any CPU
		{C742F16C-21D4-44BD-AE92-D26CABD60E15}.Debug|x86.ActiveCfg = Debug|Any CPU
		{C742F16C-21D4-44BD-AE92-D26CABD60E15}.Debug|x86.Build.0 = Debug|Any CPU
		{C742F16C-21D4-44BD-AE92-D26CABD60E15}.Release|Any CPU.ActiveCfg = Release|Any CPU
		{C742F16C-21D4-44BD-AE92-D26CABD60E15}.Release|Any CPU.Build.0 = Release|Any CPU
		{C742F16C-21D4-44BD-AE92-D26CABD60E15}.Release|x86.ActiveCfg = Release|Any CPU
		{C742F16C-21D4-44BD-AE92-D26CABD60E15}.Release|x86.Build.0 = Release|Any CPU
		{9C2779BA-7C5F-4779-A749-DDF91F1866A5}.Debug|Any CPU.ActiveCfg = Debug|Any CPU
		{9C2779BA-7C5F-4779-A749-DDF91F1866A5}.Debug|Any CPU.Build.0 = Debug|Any CPU
		{9C2779BA-7C5F-4779-A749-DDF91F1866A5}.Debug|x86.ActiveCfg = Debug|Any CPU
		{9C2779BA-7C5F-4779-A749-DDF91F1866A5}.Debug|x86.Build.0 = Debug|Any CPU
		{9C2779BA-7C5F-4779-A749-DDF91F1866A5}.Release|Any CPU.ActiveCfg = Release|Any CPU
		{9C2779BA-7C5F-4779-A749-DDF91F1866A5}.Release|Any CPU.Build.0 = Release|Any CPU
		{9C2779BA-7C5F-4779-A749-DDF91F1866A5}.Release|x86.ActiveCfg = Release|Any CPU
		{9C2779BA-7C5F-4779-A749-DDF91F1866A5}.Release|x86.Build.0 = Release|Any CPU
		{86BEA473-FFEA-43D4-8AA8-3B8204A4D13B}.Debug|Any CPU.ActiveCfg = Debug|Any CPU
		{86BEA473-FFEA-43D4-8AA8-3B8204A4D13B}.Debug|Any CPU.Build.0 = Debug|Any CPU
		{86BEA473-FFEA-43D4-8AA8-3B8204A4D13B}.Debug|x86.ActiveCfg = Debug|Any CPU
		{86BEA473-FFEA-43D4-8AA8-3B8204A4D13B}.Debug|x86.Build.0 = Debug|Any CPU
		{86BEA473-FFEA-43D4-8AA8-3B8204A4D13B}.Release|Any CPU.ActiveCfg = Release|Any CPU
		{86BEA473-FFEA-43D4-8AA8-3B8204A4D13B}.Release|Any CPU.Build.0 = Release|Any CPU
		{86BEA473-FFEA-43D4-8AA8-3B8204A4D13B}.Release|x86.ActiveCfg = Release|Any CPU
		{86BEA473-FFEA-43D4-8AA8-3B8204A4D13B}.Release|x86.Build.0 = Release|Any CPU
		{A8E5C6CA-8E55-4AFD-86AB-775F33DF2D82}.Debug|Any CPU.ActiveCfg = Debug|Any CPU
		{A8E5C6CA-8E55-4AFD-86AB-775F33DF2D82}.Debug|Any CPU.Build.0 = Debug|Any CPU
		{A8E5C6CA-8E55-4AFD-86AB-775F33DF2D82}.Debug|x86.ActiveCfg = Debug|Any CPU
		{A8E5C6CA-8E55-4AFD-86AB-775F33DF2D82}.Debug|x86.Build.0 = Debug|Any CPU
		{A8E5C6CA-8E55-4AFD-86AB-775F33DF2D82}.Release|Any CPU.ActiveCfg = Release|Any CPU
		{A8E5C6CA-8E55-4AFD-86AB-775F33DF2D82}.Release|Any CPU.Build.0 = Release|Any CPU
		{A8E5C6CA-8E55-4AFD-86AB-775F33DF2D82}.Release|x86.ActiveCfg = Release|Any CPU
		{A8E5C6CA-8E55-4AFD-86AB-775F33DF2D82}.Release|x86.Build.0 = Release|Any CPU
		{D53DE534-E7D2-4056-B383-5233D7DD09EE}.Debug|Any CPU.ActiveCfg = Debug|Any CPU
		{D53DE534-E7D2-4056-B383-5233D7DD09EE}.Debug|Any CPU.Build.0 = Debug|Any CPU
		{D53DE534-E7D2-4056-B383-5233D7DD09EE}.Debug|x86.ActiveCfg = Debug|Any CPU
		{D53DE534-E7D2-4056-B383-5233D7DD09EE}.Debug|x86.Build.0 = Debug|Any CPU
		{D53DE534-E7D2-4056-B383-5233D7DD09EE}.Release|Any CPU.ActiveCfg = Release|Any CPU
		{D53DE534-E7D2-4056-B383-5233D7DD09EE}.Release|Any CPU.Build.0 = Release|Any CPU
		{D53DE534-E7D2-4056-B383-5233D7DD09EE}.Release|x86.ActiveCfg = Release|Any CPU
		{D53DE534-E7D2-4056-B383-5233D7DD09EE}.Release|x86.Build.0 = Release|Any CPU
		{89749D8F-D436-4D63-B670-DB7A1FEACE34}.Debug|Any CPU.ActiveCfg = Debug|Any CPU
		{89749D8F-D436-4D63-B670-DB7A1FEACE34}.Debug|Any CPU.Build.0 = Debug|Any CPU
		{89749D8F-D436-4D63-B670-DB7A1FEACE34}.Debug|x86.ActiveCfg = Debug|Any CPU
		{89749D8F-D436-4D63-B670-DB7A1FEACE34}.Debug|x86.Build.0 = Debug|Any CPU
		{89749D8F-D436-4D63-B670-DB7A1FEACE34}.Release|Any CPU.ActiveCfg = Release|Any CPU
		{89749D8F-D436-4D63-B670-DB7A1FEACE34}.Release|Any CPU.Build.0 = Release|Any CPU
		{89749D8F-D436-4D63-B670-DB7A1FEACE34}.Release|x86.ActiveCfg = Release|Any CPU
		{89749D8F-D436-4D63-B670-DB7A1FEACE34}.Release|x86.Build.0 = Release|Any CPU
		{8C623356-3FE9-478A-BB28-E33D7AAD274C}.Debug|Any CPU.ActiveCfg = Debug|Any CPU
		{8C623356-3FE9-478A-BB28-E33D7AAD274C}.Debug|Any CPU.Build.0 = Debug|Any CPU
		{8C623356-3FE9-478A-BB28-E33D7AAD274C}.Debug|x86.ActiveCfg = Debug|Any CPU
		{8C623356-3FE9-478A-BB28-E33D7AAD274C}.Debug|x86.Build.0 = Debug|Any CPU
		{8C623356-3FE9-478A-BB28-E33D7AAD274C}.Release|Any CPU.ActiveCfg = Release|Any CPU
		{8C623356-3FE9-478A-BB28-E33D7AAD274C}.Release|Any CPU.Build.0 = Release|Any CPU
		{8C623356-3FE9-478A-BB28-E33D7AAD274C}.Release|x86.ActiveCfg = Release|Any CPU
		{8C623356-3FE9-478A-BB28-E33D7AAD274C}.Release|x86.Build.0 = Release|Any CPU
		{597E6CBE-5BF9-452D-B8F1-1AE80E23A8A7}.Debug|Any CPU.ActiveCfg = Debug|Any CPU
		{597E6CBE-5BF9-452D-B8F1-1AE80E23A8A7}.Debug|Any CPU.Build.0 = Debug|Any CPU
		{597E6CBE-5BF9-452D-B8F1-1AE80E23A8A7}.Debug|x86.ActiveCfg = Debug|Any CPU
		{597E6CBE-5BF9-452D-B8F1-1AE80E23A8A7}.Debug|x86.Build.0 = Debug|Any CPU
		{597E6CBE-5BF9-452D-B8F1-1AE80E23A8A7}.Release|Any CPU.ActiveCfg = Release|Any CPU
		{597E6CBE-5BF9-452D-B8F1-1AE80E23A8A7}.Release|Any CPU.Build.0 = Release|Any CPU
		{597E6CBE-5BF9-452D-B8F1-1AE80E23A8A7}.Release|x86.ActiveCfg = Release|Any CPU
		{597E6CBE-5BF9-452D-B8F1-1AE80E23A8A7}.Release|x86.Build.0 = Release|Any CPU
		{A77AC43B-366E-4B84-AFBD-F2EEDA8879E1}.Debug|Any CPU.ActiveCfg = Debug|Any CPU
		{A77AC43B-366E-4B84-AFBD-F2EEDA8879E1}.Debug|Any CPU.Build.0 = Debug|Any CPU
		{A77AC43B-366E-4B84-AFBD-F2EEDA8879E1}.Debug|x86.ActiveCfg = Debug|Any CPU
		{A77AC43B-366E-4B84-AFBD-F2EEDA8879E1}.Debug|x86.Build.0 = Debug|Any CPU
		{A77AC43B-366E-4B84-AFBD-F2EEDA8879E1}.Release|Any CPU.ActiveCfg = Release|Any CPU
		{A77AC43B-366E-4B84-AFBD-F2EEDA8879E1}.Release|Any CPU.Build.0 = Release|Any CPU
		{A77AC43B-366E-4B84-AFBD-F2EEDA8879E1}.Release|x86.ActiveCfg = Release|Any CPU
		{A77AC43B-366E-4B84-AFBD-F2EEDA8879E1}.Release|x86.Build.0 = Release|Any CPU
		{AFED80B1-78AE-434F-A789-3BC6F73CB876}.Debug|Any CPU.ActiveCfg = Debug|Any CPU
		{AFED80B1-78AE-434F-A789-3BC6F73CB876}.Debug|Any CPU.Build.0 = Debug|Any CPU
		{AFED80B1-78AE-434F-A789-3BC6F73CB876}.Debug|x86.ActiveCfg = Debug|Any CPU
		{AFED80B1-78AE-434F-A789-3BC6F73CB876}.Debug|x86.Build.0 = Debug|Any CPU
		{AFED80B1-78AE-434F-A789-3BC6F73CB876}.Release|Any CPU.ActiveCfg = Release|Any CPU
		{AFED80B1-78AE-434F-A789-3BC6F73CB876}.Release|Any CPU.Build.0 = Release|Any CPU
		{AFED80B1-78AE-434F-A789-3BC6F73CB876}.Release|x86.ActiveCfg = Release|Any CPU
		{AFED80B1-78AE-434F-A789-3BC6F73CB876}.Release|x86.Build.0 = Release|Any CPU
		{8B6A3F23-46C6-448B-9C68-65C712DAA6C3}.Debug|Any CPU.ActiveCfg = Debug|Any CPU
		{8B6A3F23-46C6-448B-9C68-65C712DAA6C3}.Debug|Any CPU.Build.0 = Debug|Any CPU
		{8B6A3F23-46C6-448B-9C68-65C712DAA6C3}.Debug|x86.ActiveCfg = Debug|Any CPU
		{8B6A3F23-46C6-448B-9C68-65C712DAA6C3}.Debug|x86.Build.0 = Debug|Any CPU
		{8B6A3F23-46C6-448B-9C68-65C712DAA6C3}.Release|Any CPU.ActiveCfg = Release|Any CPU
		{8B6A3F23-46C6-448B-9C68-65C712DAA6C3}.Release|Any CPU.Build.0 = Release|Any CPU
		{8B6A3F23-46C6-448B-9C68-65C712DAA6C3}.Release|x86.ActiveCfg = Release|Any CPU
		{8B6A3F23-46C6-448B-9C68-65C712DAA6C3}.Release|x86.Build.0 = Release|Any CPU
		{91878331-FE69-490D-AB71-6CAB5BC242AA}.Debug|Any CPU.ActiveCfg = Debug|Any CPU
		{91878331-FE69-490D-AB71-6CAB5BC242AA}.Debug|Any CPU.Build.0 = Debug|Any CPU
		{91878331-FE69-490D-AB71-6CAB5BC242AA}.Debug|x86.ActiveCfg = Debug|Any CPU
		{91878331-FE69-490D-AB71-6CAB5BC242AA}.Debug|x86.Build.0 = Debug|Any CPU
		{91878331-FE69-490D-AB71-6CAB5BC242AA}.Release|Any CPU.ActiveCfg = Release|Any CPU
		{91878331-FE69-490D-AB71-6CAB5BC242AA}.Release|Any CPU.Build.0 = Release|Any CPU
		{91878331-FE69-490D-AB71-6CAB5BC242AA}.Release|x86.ActiveCfg = Release|Any CPU
		{91878331-FE69-490D-AB71-6CAB5BC242AA}.Release|x86.Build.0 = Release|Any CPU
		{4C71BE96-746F-44F2-B4B5-36DAA5D2A9C4}.Debug|Any CPU.ActiveCfg = Debug|Any CPU
		{4C71BE96-746F-44F2-B4B5-36DAA5D2A9C4}.Debug|Any CPU.Build.0 = Debug|Any CPU
		{4C71BE96-746F-44F2-B4B5-36DAA5D2A9C4}.Debug|x86.ActiveCfg = Debug|Any CPU
		{4C71BE96-746F-44F2-B4B5-36DAA5D2A9C4}.Debug|x86.Build.0 = Debug|Any CPU
		{4C71BE96-746F-44F2-B4B5-36DAA5D2A9C4}.Release|Any CPU.ActiveCfg = Release|Any CPU
		{4C71BE96-746F-44F2-B4B5-36DAA5D2A9C4}.Release|Any CPU.Build.0 = Release|Any CPU
		{4C71BE96-746F-44F2-B4B5-36DAA5D2A9C4}.Release|x86.ActiveCfg = Release|Any CPU
		{4C71BE96-746F-44F2-B4B5-36DAA5D2A9C4}.Release|x86.Build.0 = Release|Any CPU
		{FD62447F-038F-4C95-B1F9-D7FABF2E4A6D}.Debug|Any CPU.ActiveCfg = Debug|Any CPU
		{FD62447F-038F-4C95-B1F9-D7FABF2E4A6D}.Debug|Any CPU.Build.0 = Debug|Any CPU
		{FD62447F-038F-4C95-B1F9-D7FABF2E4A6D}.Debug|x86.ActiveCfg = Debug|Any CPU
		{FD62447F-038F-4C95-B1F9-D7FABF2E4A6D}.Debug|x86.Build.0 = Debug|Any CPU
		{FD62447F-038F-4C95-B1F9-D7FABF2E4A6D}.Release|Any CPU.ActiveCfg = Release|Any CPU
		{FD62447F-038F-4C95-B1F9-D7FABF2E4A6D}.Release|Any CPU.Build.0 = Release|Any CPU
		{FD62447F-038F-4C95-B1F9-D7FABF2E4A6D}.Release|x86.ActiveCfg = Release|Any CPU
		{FD62447F-038F-4C95-B1F9-D7FABF2E4A6D}.Release|x86.Build.0 = Release|Any CPU
		{E2B9858E-4AA4-4FAE-A67E-56A6B36BF00E}.Debug|Any CPU.ActiveCfg = Debug|Any CPU
		{E2B9858E-4AA4-4FAE-A67E-56A6B36BF00E}.Debug|Any CPU.Build.0 = Debug|Any CPU
		{E2B9858E-4AA4-4FAE-A67E-56A6B36BF00E}.Debug|x86.ActiveCfg = Debug|Any CPU
		{E2B9858E-4AA4-4FAE-A67E-56A6B36BF00E}.Debug|x86.Build.0 = Debug|Any CPU
		{E2B9858E-4AA4-4FAE-A67E-56A6B36BF00E}.Release|Any CPU.ActiveCfg = Release|Any CPU
		{E2B9858E-4AA4-4FAE-A67E-56A6B36BF00E}.Release|Any CPU.Build.0 = Release|Any CPU
		{E2B9858E-4AA4-4FAE-A67E-56A6B36BF00E}.Release|x86.ActiveCfg = Release|Any CPU
		{E2B9858E-4AA4-4FAE-A67E-56A6B36BF00E}.Release|x86.Build.0 = Release|Any CPU
		{A7EE093C-DE6C-4DA9-8C58-9DD756EFFD04}.Debug|Any CPU.ActiveCfg = Debug|Any CPU
		{A7EE093C-DE6C-4DA9-8C58-9DD756EFFD04}.Debug|Any CPU.Build.0 = Debug|Any CPU
		{A7EE093C-DE6C-4DA9-8C58-9DD756EFFD04}.Debug|x86.ActiveCfg = Debug|x86
		{A7EE093C-DE6C-4DA9-8C58-9DD756EFFD04}.Debug|x86.Build.0 = Debug|x86
		{A7EE093C-DE6C-4DA9-8C58-9DD756EFFD04}.Release|Any CPU.ActiveCfg = Release|Any CPU
		{A7EE093C-DE6C-4DA9-8C58-9DD756EFFD04}.Release|Any CPU.Build.0 = Release|Any CPU
		{A7EE093C-DE6C-4DA9-8C58-9DD756EFFD04}.Release|x86.ActiveCfg = Release|x86
		{A7EE093C-DE6C-4DA9-8C58-9DD756EFFD04}.Release|x86.Build.0 = Release|x86
		{9E5ED536-95D4-4F94-A9B4-609FFFE49E11}.Debug|Any CPU.ActiveCfg = Debug|Any CPU
		{9E5ED536-95D4-4F94-A9B4-609FFFE49E11}.Debug|Any CPU.Build.0 = Debug|Any CPU
		{9E5ED536-95D4-4F94-A9B4-609FFFE49E11}.Debug|x86.ActiveCfg = Debug|Any CPU
		{9E5ED536-95D4-4F94-A9B4-609FFFE49E11}.Debug|x86.Build.0 = Debug|Any CPU
		{9E5ED536-95D4-4F94-A9B4-609FFFE49E11}.Release|Any CPU.ActiveCfg = Release|Any CPU
		{9E5ED536-95D4-4F94-A9B4-609FFFE49E11}.Release|Any CPU.Build.0 = Release|Any CPU
		{9E5ED536-95D4-4F94-A9B4-609FFFE49E11}.Release|x86.ActiveCfg = Release|Any CPU
		{9E5ED536-95D4-4F94-A9B4-609FFFE49E11}.Release|x86.Build.0 = Release|Any CPU
		{0E5B47BD-573E-40ED-A797-CDECED25BCB9}.Debug|Any CPU.ActiveCfg = Debug|Any CPU
		{0E5B47BD-573E-40ED-A797-CDECED25BCB9}.Debug|Any CPU.Build.0 = Debug|Any CPU
		{0E5B47BD-573E-40ED-A797-CDECED25BCB9}.Debug|x86.ActiveCfg = Debug|Any CPU
		{0E5B47BD-573E-40ED-A797-CDECED25BCB9}.Debug|x86.Build.0 = Debug|Any CPU
		{0E5B47BD-573E-40ED-A797-CDECED25BCB9}.Release|Any CPU.ActiveCfg = Release|Any CPU
		{0E5B47BD-573E-40ED-A797-CDECED25BCB9}.Release|Any CPU.Build.0 = Release|Any CPU
		{0E5B47BD-573E-40ED-A797-CDECED25BCB9}.Release|x86.ActiveCfg = Release|Any CPU
		{0E5B47BD-573E-40ED-A797-CDECED25BCB9}.Release|x86.Build.0 = Release|Any CPU
		{D3A5988A-F55D-4F8B-B329-0D03B87936A6}.Debug|Any CPU.ActiveCfg = Debug|Any CPU
		{D3A5988A-F55D-4F8B-B329-0D03B87936A6}.Debug|Any CPU.Build.0 = Debug|Any CPU
		{D3A5988A-F55D-4F8B-B329-0D03B87936A6}.Debug|x86.ActiveCfg = Debug|Any CPU
		{D3A5988A-F55D-4F8B-B329-0D03B87936A6}.Debug|x86.Build.0 = Debug|Any CPU
		{D3A5988A-F55D-4F8B-B329-0D03B87936A6}.Release|Any CPU.ActiveCfg = Release|Any CPU
		{D3A5988A-F55D-4F8B-B329-0D03B87936A6}.Release|Any CPU.Build.0 = Release|Any CPU
		{D3A5988A-F55D-4F8B-B329-0D03B87936A6}.Release|x86.ActiveCfg = Release|Any CPU
		{D3A5988A-F55D-4F8B-B329-0D03B87936A6}.Release|x86.Build.0 = Release|Any CPU
		{A71BF8E3-01A5-4257-BED1-C85F805CB552}.Debug|Any CPU.ActiveCfg = Debug|Any CPU
		{A71BF8E3-01A5-4257-BED1-C85F805CB552}.Debug|Any CPU.Build.0 = Debug|Any CPU
		{A71BF8E3-01A5-4257-BED1-C85F805CB552}.Debug|x86.ActiveCfg = Debug|Any CPU
		{A71BF8E3-01A5-4257-BED1-C85F805CB552}.Debug|x86.Build.0 = Debug|Any CPU
		{A71BF8E3-01A5-4257-BED1-C85F805CB552}.Release|Any CPU.ActiveCfg = Release|Any CPU
		{A71BF8E3-01A5-4257-BED1-C85F805CB552}.Release|Any CPU.Build.0 = Release|Any CPU
		{A71BF8E3-01A5-4257-BED1-C85F805CB552}.Release|x86.ActiveCfg = Release|Any CPU
		{A71BF8E3-01A5-4257-BED1-C85F805CB552}.Release|x86.Build.0 = Release|Any CPU
		{F112FE67-53A8-466B-8CA5-3C1336595B9E}.Debug|Any CPU.ActiveCfg = Debug|Any CPU
		{F112FE67-53A8-466B-8CA5-3C1336595B9E}.Debug|Any CPU.Build.0 = Debug|Any CPU
		{F112FE67-53A8-466B-8CA5-3C1336595B9E}.Debug|x86.ActiveCfg = Debug|Any CPU
		{F112FE67-53A8-466B-8CA5-3C1336595B9E}.Debug|x86.Build.0 = Debug|Any CPU
		{F112FE67-53A8-466B-8CA5-3C1336595B9E}.Release|Any CPU.ActiveCfg = Release|Any CPU
		{F112FE67-53A8-466B-8CA5-3C1336595B9E}.Release|Any CPU.Build.0 = Release|Any CPU
		{F112FE67-53A8-466B-8CA5-3C1336595B9E}.Release|x86.ActiveCfg = Release|Any CPU
		{F112FE67-53A8-466B-8CA5-3C1336595B9E}.Release|x86.Build.0 = Release|Any CPU
		{7E1CD76E-5452-424B-B07E-9F1861309180}.Debug|Any CPU.ActiveCfg = Debug|Any CPU
		{7E1CD76E-5452-424B-B07E-9F1861309180}.Debug|Any CPU.Build.0 = Debug|Any CPU
		{7E1CD76E-5452-424B-B07E-9F1861309180}.Debug|x86.ActiveCfg = Debug|Any CPU
		{7E1CD76E-5452-424B-B07E-9F1861309180}.Debug|x86.Build.0 = Debug|Any CPU
		{7E1CD76E-5452-424B-B07E-9F1861309180}.Release|Any CPU.ActiveCfg = Release|Any CPU
		{7E1CD76E-5452-424B-B07E-9F1861309180}.Release|Any CPU.Build.0 = Release|Any CPU
		{7E1CD76E-5452-424B-B07E-9F1861309180}.Release|x86.ActiveCfg = Release|Any CPU
		{7E1CD76E-5452-424B-B07E-9F1861309180}.Release|x86.Build.0 = Release|Any CPU
		{7E4F3A66-1A68-405A-8F6F-E611E86F83ED}.Debug|Any CPU.ActiveCfg = Debug|Any CPU
		{7E4F3A66-1A68-405A-8F6F-E611E86F83ED}.Debug|Any CPU.Build.0 = Debug|Any CPU
		{7E4F3A66-1A68-405A-8F6F-E611E86F83ED}.Debug|x86.ActiveCfg = Debug|Any CPU
		{7E4F3A66-1A68-405A-8F6F-E611E86F83ED}.Debug|x86.Build.0 = Debug|Any CPU
		{7E4F3A66-1A68-405A-8F6F-E611E86F83ED}.Release|Any CPU.ActiveCfg = Release|Any CPU
		{7E4F3A66-1A68-405A-8F6F-E611E86F83ED}.Release|Any CPU.Build.0 = Release|Any CPU
		{7E4F3A66-1A68-405A-8F6F-E611E86F83ED}.Release|x86.ActiveCfg = Release|Any CPU
		{7E4F3A66-1A68-405A-8F6F-E611E86F83ED}.Release|x86.Build.0 = Release|Any CPU
		{721C4C3D-9B3F-43EB-8228-DB048C2577BE}.Debug|Any CPU.ActiveCfg = Debug|Any CPU
		{721C4C3D-9B3F-43EB-8228-DB048C2577BE}.Debug|Any CPU.Build.0 = Debug|Any CPU
		{721C4C3D-9B3F-43EB-8228-DB048C2577BE}.Debug|x86.ActiveCfg = Debug|Any CPU
		{721C4C3D-9B3F-43EB-8228-DB048C2577BE}.Debug|x86.Build.0 = Debug|Any CPU
		{721C4C3D-9B3F-43EB-8228-DB048C2577BE}.Release|Any CPU.ActiveCfg = Release|Any CPU
		{721C4C3D-9B3F-43EB-8228-DB048C2577BE}.Release|Any CPU.Build.0 = Release|Any CPU
		{721C4C3D-9B3F-43EB-8228-DB048C2577BE}.Release|x86.ActiveCfg = Release|Any CPU
		{721C4C3D-9B3F-43EB-8228-DB048C2577BE}.Release|x86.Build.0 = Release|Any CPU
		{50A865B2-2738-4782-8A56-9AAB97EE437A}.Debug|Any CPU.ActiveCfg = Debug|Any CPU
		{50A865B2-2738-4782-8A56-9AAB97EE437A}.Debug|Any CPU.Build.0 = Debug|Any CPU
		{50A865B2-2738-4782-8A56-9AAB97EE437A}.Debug|x86.ActiveCfg = Debug|Any CPU
		{50A865B2-2738-4782-8A56-9AAB97EE437A}.Debug|x86.Build.0 = Debug|Any CPU
		{50A865B2-2738-4782-8A56-9AAB97EE437A}.Release|Any CPU.ActiveCfg = Release|Any CPU
		{50A865B2-2738-4782-8A56-9AAB97EE437A}.Release|Any CPU.Build.0 = Release|Any CPU
		{50A865B2-2738-4782-8A56-9AAB97EE437A}.Release|x86.ActiveCfg = Release|Any CPU
		{50A865B2-2738-4782-8A56-9AAB97EE437A}.Release|x86.Build.0 = Release|Any CPU
		{C20686CC-7AB3-40B8-911B-A8D5645D8887}.Debug|Any CPU.ActiveCfg = Debug|Any CPU
		{C20686CC-7AB3-40B8-911B-A8D5645D8887}.Debug|Any CPU.Build.0 = Debug|Any CPU
		{C20686CC-7AB3-40B8-911B-A8D5645D8887}.Debug|x86.ActiveCfg = Debug|Any CPU
		{C20686CC-7AB3-40B8-911B-A8D5645D8887}.Debug|x86.Build.0 = Debug|Any CPU
		{C20686CC-7AB3-40B8-911B-A8D5645D8887}.Release|Any CPU.ActiveCfg = Release|Any CPU
		{C20686CC-7AB3-40B8-911B-A8D5645D8887}.Release|Any CPU.Build.0 = Release|Any CPU
		{C20686CC-7AB3-40B8-911B-A8D5645D8887}.Release|x86.ActiveCfg = Release|Any CPU
		{C20686CC-7AB3-40B8-911B-A8D5645D8887}.Release|x86.Build.0 = Release|Any CPU
		{36DBF038-45DF-4C35-AECA-A98BFAE10716}.Debug|Any CPU.ActiveCfg = Debug|Any CPU
		{36DBF038-45DF-4C35-AECA-A98BFAE10716}.Debug|Any CPU.Build.0 = Debug|Any CPU
		{36DBF038-45DF-4C35-AECA-A98BFAE10716}.Debug|x86.ActiveCfg = Debug|Any CPU
		{36DBF038-45DF-4C35-AECA-A98BFAE10716}.Debug|x86.Build.0 = Debug|Any CPU
		{36DBF038-45DF-4C35-AECA-A98BFAE10716}.Release|Any CPU.ActiveCfg = Release|Any CPU
		{36DBF038-45DF-4C35-AECA-A98BFAE10716}.Release|Any CPU.Build.0 = Release|Any CPU
		{36DBF038-45DF-4C35-AECA-A98BFAE10716}.Release|x86.ActiveCfg = Release|Any CPU
		{36DBF038-45DF-4C35-AECA-A98BFAE10716}.Release|x86.Build.0 = Release|Any CPU
		{DABC6B46-09E4-4221-A784-AF808DDEEFDB}.Debug|Any CPU.ActiveCfg = Debug|Any CPU
		{DABC6B46-09E4-4221-A784-AF808DDEEFDB}.Debug|Any CPU.Build.0 = Debug|Any CPU
		{DABC6B46-09E4-4221-A784-AF808DDEEFDB}.Debug|x86.ActiveCfg = Debug|Any CPU
		{DABC6B46-09E4-4221-A784-AF808DDEEFDB}.Debug|x86.Build.0 = Debug|Any CPU
		{DABC6B46-09E4-4221-A784-AF808DDEEFDB}.Release|Any CPU.ActiveCfg = Release|Any CPU
		{DABC6B46-09E4-4221-A784-AF808DDEEFDB}.Release|Any CPU.Build.0 = Release|Any CPU
		{DABC6B46-09E4-4221-A784-AF808DDEEFDB}.Release|x86.ActiveCfg = Release|Any CPU
		{DABC6B46-09E4-4221-A784-AF808DDEEFDB}.Release|x86.Build.0 = Release|Any CPU
		{43B55A4F-B8FF-45CE-8E60-D53001DA3DF8}.Debug|Any CPU.ActiveCfg = Debug|Any CPU
		{43B55A4F-B8FF-45CE-8E60-D53001DA3DF8}.Debug|Any CPU.Build.0 = Debug|Any CPU
		{43B55A4F-B8FF-45CE-8E60-D53001DA3DF8}.Debug|x86.ActiveCfg = Debug|Any CPU
		{43B55A4F-B8FF-45CE-8E60-D53001DA3DF8}.Debug|x86.Build.0 = Debug|Any CPU
		{43B55A4F-B8FF-45CE-8E60-D53001DA3DF8}.Release|Any CPU.ActiveCfg = Release|Any CPU
		{43B55A4F-B8FF-45CE-8E60-D53001DA3DF8}.Release|Any CPU.Build.0 = Release|Any CPU
		{43B55A4F-B8FF-45CE-8E60-D53001DA3DF8}.Release|x86.ActiveCfg = Release|Any CPU
		{43B55A4F-B8FF-45CE-8E60-D53001DA3DF8}.Release|x86.Build.0 = Release|Any CPU
		{BFDB56D4-A92B-4DBA-8175-DF5C5F790C1A}.Debug|Any CPU.ActiveCfg = Debug|Any CPU
		{BFDB56D4-A92B-4DBA-8175-DF5C5F790C1A}.Debug|Any CPU.Build.0 = Debug|Any CPU
		{BFDB56D4-A92B-4DBA-8175-DF5C5F790C1A}.Debug|x86.ActiveCfg = Debug|Any CPU
		{BFDB56D4-A92B-4DBA-8175-DF5C5F790C1A}.Debug|x86.Build.0 = Debug|Any CPU
		{BFDB56D4-A92B-4DBA-8175-DF5C5F790C1A}.Release|Any CPU.ActiveCfg = Release|Any CPU
		{BFDB56D4-A92B-4DBA-8175-DF5C5F790C1A}.Release|Any CPU.Build.0 = Release|Any CPU
		{BFDB56D4-A92B-4DBA-8175-DF5C5F790C1A}.Release|x86.ActiveCfg = Release|Any CPU
		{BFDB56D4-A92B-4DBA-8175-DF5C5F790C1A}.Release|x86.Build.0 = Release|Any CPU
		{14BB8B8C-334E-45EF-881B-19E995C074F9}.Debug|Any CPU.ActiveCfg = Debug|Any CPU
		{14BB8B8C-334E-45EF-881B-19E995C074F9}.Debug|Any CPU.Build.0 = Debug|Any CPU
		{14BB8B8C-334E-45EF-881B-19E995C074F9}.Debug|x86.ActiveCfg = Debug|Any CPU
		{14BB8B8C-334E-45EF-881B-19E995C074F9}.Debug|x86.Build.0 = Debug|Any CPU
		{14BB8B8C-334E-45EF-881B-19E995C074F9}.Release|Any CPU.ActiveCfg = Release|Any CPU
		{14BB8B8C-334E-45EF-881B-19E995C074F9}.Release|Any CPU.Build.0 = Release|Any CPU
		{14BB8B8C-334E-45EF-881B-19E995C074F9}.Release|x86.ActiveCfg = Release|Any CPU
		{14BB8B8C-334E-45EF-881B-19E995C074F9}.Release|x86.Build.0 = Release|Any CPU
		{958ADB2D-EE7B-4144-A657-C550704DA5DC}.Debug|Any CPU.ActiveCfg = Debug|Any CPU
		{958ADB2D-EE7B-4144-A657-C550704DA5DC}.Debug|Any CPU.Build.0 = Debug|Any CPU
		{958ADB2D-EE7B-4144-A657-C550704DA5DC}.Debug|x86.ActiveCfg = Debug|Any CPU
		{958ADB2D-EE7B-4144-A657-C550704DA5DC}.Debug|x86.Build.0 = Debug|Any CPU
		{958ADB2D-EE7B-4144-A657-C550704DA5DC}.Release|Any CPU.ActiveCfg = Release|Any CPU
		{958ADB2D-EE7B-4144-A657-C550704DA5DC}.Release|Any CPU.Build.0 = Release|Any CPU
		{958ADB2D-EE7B-4144-A657-C550704DA5DC}.Release|x86.ActiveCfg = Release|Any CPU
		{958ADB2D-EE7B-4144-A657-C550704DA5DC}.Release|x86.Build.0 = Release|Any CPU
		{BCE5D13F-D5E8-4D63-8D99-AD17BCF47F92}.Debug|Any CPU.ActiveCfg = Debug|Any CPU
		{BCE5D13F-D5E8-4D63-8D99-AD17BCF47F92}.Debug|Any CPU.Build.0 = Debug|Any CPU
		{BCE5D13F-D5E8-4D63-8D99-AD17BCF47F92}.Debug|x86.ActiveCfg = Debug|Any CPU
		{BCE5D13F-D5E8-4D63-8D99-AD17BCF47F92}.Debug|x86.Build.0 = Debug|Any CPU
		{BCE5D13F-D5E8-4D63-8D99-AD17BCF47F92}.Release|Any CPU.ActiveCfg = Release|Any CPU
		{BCE5D13F-D5E8-4D63-8D99-AD17BCF47F92}.Release|Any CPU.Build.0 = Release|Any CPU
		{BCE5D13F-D5E8-4D63-8D99-AD17BCF47F92}.Release|x86.ActiveCfg = Release|Any CPU
		{BCE5D13F-D5E8-4D63-8D99-AD17BCF47F92}.Release|x86.Build.0 = Release|Any CPU
		{2535FE5C-1B86-4831-A966-765401316FF8}.Debug|Any CPU.ActiveCfg = Debug|Any CPU
		{2535FE5C-1B86-4831-A966-765401316FF8}.Debug|Any CPU.Build.0 = Debug|Any CPU
		{2535FE5C-1B86-4831-A966-765401316FF8}.Debug|x86.ActiveCfg = Debug|Any CPU
		{2535FE5C-1B86-4831-A966-765401316FF8}.Debug|x86.Build.0 = Debug|Any CPU
		{2535FE5C-1B86-4831-A966-765401316FF8}.Release|Any CPU.ActiveCfg = Release|Any CPU
		{2535FE5C-1B86-4831-A966-765401316FF8}.Release|Any CPU.Build.0 = Release|Any CPU
		{2535FE5C-1B86-4831-A966-765401316FF8}.Release|x86.ActiveCfg = Release|Any CPU
		{2535FE5C-1B86-4831-A966-765401316FF8}.Release|x86.Build.0 = Release|Any CPU
		{992CB6BD-A134-4FCC-AC3B-49EFF8F5BE1B}.Debug|Any CPU.ActiveCfg = Debug|Any CPU
		{992CB6BD-A134-4FCC-AC3B-49EFF8F5BE1B}.Debug|Any CPU.Build.0 = Debug|Any CPU
		{992CB6BD-A134-4FCC-AC3B-49EFF8F5BE1B}.Debug|x86.ActiveCfg = Debug|Any CPU
		{992CB6BD-A134-4FCC-AC3B-49EFF8F5BE1B}.Debug|x86.Build.0 = Debug|Any CPU
		{992CB6BD-A134-4FCC-AC3B-49EFF8F5BE1B}.Release|Any CPU.ActiveCfg = Release|Any CPU
		{992CB6BD-A134-4FCC-AC3B-49EFF8F5BE1B}.Release|Any CPU.Build.0 = Release|Any CPU
		{992CB6BD-A134-4FCC-AC3B-49EFF8F5BE1B}.Release|x86.ActiveCfg = Release|Any CPU
		{992CB6BD-A134-4FCC-AC3B-49EFF8F5BE1B}.Release|x86.Build.0 = Release|Any CPU
		{8CF38C1A-B0B3-43CA-8A9C-742E542B6B26}.Debug|Any CPU.ActiveCfg = Debug|Any CPU
		{8CF38C1A-B0B3-43CA-8A9C-742E542B6B26}.Debug|Any CPU.Build.0 = Debug|Any CPU
		{8CF38C1A-B0B3-43CA-8A9C-742E542B6B26}.Debug|x86.ActiveCfg = Debug|Any CPU
		{8CF38C1A-B0B3-43CA-8A9C-742E542B6B26}.Debug|x86.Build.0 = Debug|Any CPU
		{8CF38C1A-B0B3-43CA-8A9C-742E542B6B26}.Release|Any CPU.ActiveCfg = Release|Any CPU
		{8CF38C1A-B0B3-43CA-8A9C-742E542B6B26}.Release|Any CPU.Build.0 = Release|Any CPU
		{8CF38C1A-B0B3-43CA-8A9C-742E542B6B26}.Release|x86.ActiveCfg = Release|Any CPU
		{8CF38C1A-B0B3-43CA-8A9C-742E542B6B26}.Release|x86.Build.0 = Release|Any CPU
		{A5720516-6337-41C4-B600-3F1D1BC0AECA}.Debug|Any CPU.ActiveCfg = Debug|Any CPU
		{A5720516-6337-41C4-B600-3F1D1BC0AECA}.Debug|Any CPU.Build.0 = Debug|Any CPU
		{A5720516-6337-41C4-B600-3F1D1BC0AECA}.Debug|x86.ActiveCfg = Debug|Any CPU
		{A5720516-6337-41C4-B600-3F1D1BC0AECA}.Debug|x86.Build.0 = Debug|Any CPU
		{A5720516-6337-41C4-B600-3F1D1BC0AECA}.Release|Any CPU.ActiveCfg = Release|Any CPU
		{A5720516-6337-41C4-B600-3F1D1BC0AECA}.Release|Any CPU.Build.0 = Release|Any CPU
		{A5720516-6337-41C4-B600-3F1D1BC0AECA}.Release|x86.ActiveCfg = Release|Any CPU
		{A5720516-6337-41C4-B600-3F1D1BC0AECA}.Release|x86.Build.0 = Release|Any CPU
	EndGlobalSection
	GlobalSection(SolutionProperties) = preSolution
		HideSolutionNode = FALSE
	EndGlobalSection
	GlobalSection(NestedProjects) = preSolution
		{90444562-16DA-4A30-A1B6-2462538D11CA} = {55E145DC-0F7A-4322-829B-13C3EAE0F3BC}
		{3F8BE3AF-0F40-4C91-AA74-F44CDCC189B3} = {90444562-16DA-4A30-A1B6-2462538D11CA}
		{6169B3D8-55A8-4256-8604-5F66A44F8956} = {55E145DC-0F7A-4322-829B-13C3EAE0F3BC}
		{9AEA2CBF-67B8-49CD-BA77-F6C0FB3EDD30} = {6169B3D8-55A8-4256-8604-5F66A44F8956}
		{6C49E876-2C9E-4D55-8A2C-3F03ADFBFCDA} = {6169B3D8-55A8-4256-8604-5F66A44F8956}
		{B625196A-F800-4984-BED3-6095602B4915} = {6169B3D8-55A8-4256-8604-5F66A44F8956}
		{C8D26EC0-D539-41A9-AA7E-556997E2B05A} = {6169B3D8-55A8-4256-8604-5F66A44F8956}
		{C6D60FAD-3D59-4CD6-AAE1-0BECE012AC04} = {6169B3D8-55A8-4256-8604-5F66A44F8956}
		{63550C81-FC51-4F34-83F2-1F049155DEFD} = {6169B3D8-55A8-4256-8604-5F66A44F8956}
		{B3002055-45F3-407C-8BA5-EDC20ABC95BD} = {6169B3D8-55A8-4256-8604-5F66A44F8956}
		{7014BA48-D278-4D2B-BE07-0D5A95F094B6} = {6169B3D8-55A8-4256-8604-5F66A44F8956}
		{5F166A24-75C9-46AE-BB74-6206279C1F59} = {6169B3D8-55A8-4256-8604-5F66A44F8956}
		{080DDA94-F1C0-4488-BA90-474C56E17714} = {6169B3D8-55A8-4256-8604-5F66A44F8956}
		{A5A65886-43E2-4020-9DF9-419DC0BCE29C} = {6169B3D8-55A8-4256-8604-5F66A44F8956}
		{D34841F6-83B3-4AD7-9AF3-F09B3271B078} = {6169B3D8-55A8-4256-8604-5F66A44F8956}
		{D1EDD4DE-5710-4061-BE3B-EEE2A443ECD4} = {6169B3D8-55A8-4256-8604-5F66A44F8956}
		{DA4CD0C3-38BB-4E6D-B7B1-6287F9250707} = {6169B3D8-55A8-4256-8604-5F66A44F8956}
		{C7B90659-463D-4706-B3A8-577B222D180B} = {6169B3D8-55A8-4256-8604-5F66A44F8956}
		{C742F16C-21D4-44BD-AE92-D26CABD60E15} = {6169B3D8-55A8-4256-8604-5F66A44F8956}
		{9C2779BA-7C5F-4779-A749-DDF91F1866A5} = {6169B3D8-55A8-4256-8604-5F66A44F8956}
		{86BEA473-FFEA-43D4-8AA8-3B8204A4D13B} = {6169B3D8-55A8-4256-8604-5F66A44F8956}
		{A8E5C6CA-8E55-4AFD-86AB-775F33DF2D82} = {6169B3D8-55A8-4256-8604-5F66A44F8956}
		{D53DE534-E7D2-4056-B383-5233D7DD09EE} = {6169B3D8-55A8-4256-8604-5F66A44F8956}
		{89749D8F-D436-4D63-B670-DB7A1FEACE34} = {6169B3D8-55A8-4256-8604-5F66A44F8956}
		{8C623356-3FE9-478A-BB28-E33D7AAD274C} = {642180C4-98A9-453C-B60A-0BF03F3547DB}
		{597E6CBE-5BF9-452D-B8F1-1AE80E23A8A7} = {642180C4-98A9-453C-B60A-0BF03F3547DB}
		{A77AC43B-366E-4B84-AFBD-F2EEDA8879E1} = {6169B3D8-55A8-4256-8604-5F66A44F8956}
		{AFED80B1-78AE-434F-A789-3BC6F73CB876} = {6169B3D8-55A8-4256-8604-5F66A44F8956}
		{E64CA3A4-5B55-4248-8797-1F25006284D8} = {55E145DC-0F7A-4322-829B-13C3EAE0F3BC}
		{8B6A3F23-46C6-448B-9C68-65C712DAA6C3} = {E64CA3A4-5B55-4248-8797-1F25006284D8}
		{91878331-FE69-490D-AB71-6CAB5BC242AA} = {E64CA3A4-5B55-4248-8797-1F25006284D8}
		{4C71BE96-746F-44F2-B4B5-36DAA5D2A9C4} = {E64CA3A4-5B55-4248-8797-1F25006284D8}
		{FD62447F-038F-4C95-B1F9-D7FABF2E4A6D} = {E64CA3A4-5B55-4248-8797-1F25006284D8}
		{E2B9858E-4AA4-4FAE-A67E-56A6B36BF00E} = {E64CA3A4-5B55-4248-8797-1F25006284D8}
		{A7EE093C-DE6C-4DA9-8C58-9DD756EFFD04} = {E64CA3A4-5B55-4248-8797-1F25006284D8}
		{49C56325-2739-4971-A942-C667DE3D4046} = {55E145DC-0F7A-4322-829B-13C3EAE0F3BC}
		{9E5ED536-95D4-4F94-A9B4-609FFFE49E11} = {49C56325-2739-4971-A942-C667DE3D4046}
		{0E5B47BD-573E-40ED-A797-CDECED25BCB9} = {49C56325-2739-4971-A942-C667DE3D4046}
		{D3A5988A-F55D-4F8B-B329-0D03B87936A6} = {49C56325-2739-4971-A942-C667DE3D4046}
		{A71BF8E3-01A5-4257-BED1-C85F805CB552} = {49C56325-2739-4971-A942-C667DE3D4046}
		{F112FE67-53A8-466B-8CA5-3C1336595B9E} = {642180C4-98A9-453C-B60A-0BF03F3547DB}
		{7E1CD76E-5452-424B-B07E-9F1861309180} = {49C56325-2739-4971-A942-C667DE3D4046}
		{7E4F3A66-1A68-405A-8F6F-E611E86F83ED} = {49C56325-2739-4971-A942-C667DE3D4046}
		{721C4C3D-9B3F-43EB-8228-DB048C2577BE} = {49C56325-2739-4971-A942-C667DE3D4046}
		{50A865B2-2738-4782-8A56-9AAB97EE437A} = {49C56325-2739-4971-A942-C667DE3D4046}
		{C20686CC-7AB3-40B8-911B-A8D5645D8887} = {49C56325-2739-4971-A942-C667DE3D4046}
		{36DBF038-45DF-4C35-AECA-A98BFAE10716} = {49C56325-2739-4971-A942-C667DE3D4046}
		{DABC6B46-09E4-4221-A784-AF808DDEEFDB} = {49C56325-2739-4971-A942-C667DE3D4046}
		{43B55A4F-B8FF-45CE-8E60-D53001DA3DF8} = {49C56325-2739-4971-A942-C667DE3D4046}
		{BFDB56D4-A92B-4DBA-8175-DF5C5F790C1A} = {49C56325-2739-4971-A942-C667DE3D4046}
		{14BB8B8C-334E-45EF-881B-19E995C074F9} = {49C56325-2739-4971-A942-C667DE3D4046}
		{958ADB2D-EE7B-4144-A657-C550704DA5DC} = {49C56325-2739-4971-A942-C667DE3D4046}
		{BCE5D13F-D5E8-4D63-8D99-AD17BCF47F92} = {49C56325-2739-4971-A942-C667DE3D4046}
		{2535FE5C-1B86-4831-A966-765401316FF8} = {49C56325-2739-4971-A942-C667DE3D4046}
		{992CB6BD-A134-4FCC-AC3B-49EFF8F5BE1B} = {49C56325-2739-4971-A942-C667DE3D4046}
		{8CF38C1A-B0B3-43CA-8A9C-742E542B6B26} = {49C56325-2739-4971-A942-C667DE3D4046}
		{A5720516-6337-41C4-B600-3F1D1BC0AECA} = {49C56325-2739-4971-A942-C667DE3D4046}
	EndGlobalSection
	GlobalSection(ExtensibilityGlobals) = postSolution
		SolutionGuid = {27BA8FA2-D59B-415E-A959-3E16DE2F1F38}
	EndGlobalSection
EndGlobal
